{
  "name": "cccmg_project",
  "version": "1.0.0",
  "lockfileVersion": 1,
  "requires": true,
  "dependencies": {
    "sass-json-export": {
      "version": "2.0.1",
      "resolved": "https://registry.npmjs.org/sass-json-export/-/sass-json-export-2.0.1.tgz",
      "integrity": "sha512-xNoOlN+36MKOnNxB/zQ09s6vZH6WmC/u9lXJ9FAbTf65lRJNyT2sPRS1iqKopLb9ZbdXfukpvHzh1n1/BkqVdA==",
      "dev": true
    }
  }
}
